{
    "_meta": {
        "hash": {
            "sha256": "c06f1f4e048ad1bd7367c2b8e00e2be150f91298df4b9e7167ede8297ebbe3b7"
        },
        "pipfile-spec": 6,
        "requires": {
            "python_version": "3.12"
        },
        "sources": [
            {
                "name": "pip_conf_index_global",
                "url": "https://pypi.tuna.tsinghua.edu.cn/simple",
                "verify_ssl": true
            }
        ]
    },
    "default": {
        "chardet": {
            "hashes": [
                "sha256:1b3b6ff479a8c414bc3fa2c0852995695c4a026dcd6d0633b2dd092ca39c1cf7",
                "sha256:e1cf59446890a00105fe7b7912492ea04b6e6f06d4b742b2c788469e34c82970"
            ],
            "index": "pip_conf_index_global",
            "markers": "python_version >= '3.7'",
            "version": "==5.2.0"
        },
        "colorama": {
            "hashes": [
                "sha256:08695f5cb7ed6e0531a20572697297273c47b8cae5a63ffc6d6ed5c201be6e44",
                "sha256:4f1d9991f5acc0ca119f9d443620b77f9d6b33703e51011c16baf57afb285fc6",
                "sha256:96e0137fb3ab6b56576b4638116d77c59f3e0565f4ea081172e4721c722afa92",
                "sha256:bc3a1efa0b297242dcd0757e2e83d358bcd18bda77735e493aa89a634e74c9bf"
            ],
            "markers": "platform_system == 'Windows'",
            "version": "==0.4.6"
        },
        "tqdm": {
            "hashes": [
                "sha256:1ee4f8a893eb9bef51c6e35730cebf234d5d0b6bd112b0271e10ed7c24a02bd9",
                "sha256:6cd52cdf0fef0e0f543299cfc96fec90d7b8a7e88745f411ec33eb44d5ed3531"
            ],
            "index": "pip_conf_index_global",
            "markers": "python_version >= '3.7'",
            "version": "==4.66.2"
        }
    },
    "develop": {}
}
